
Microsoft Visual Studio Solution File, Format Version 12.00
# Visual Studio Version 17
VisualStudioVersion = 17.3.32611.2
MinimumVisualStudioVersion = 10.0.40219.1
Project("{9A19103F-16F7-4668-BE54-9A1E7A4F7556}") = "TT2Master", "src\TT2Master\TT2Master.csproj", "{E6712AD6-15C5-483D-8120-63FB84D67A5C}"
EndProject
Project("{FAE04EC0-301F-11D3-BF4B-00C04F79EFBC}") = "TT2Master.Android", "src\TT2Master.Android\TT2Master.Android.csproj", "{528BB7A4-1806-486E-BE4C-28219CA17913}"
EndProject
Project("{FAE04EC0-301F-11D3-BF4B-00C04F79EFBC}") = "TT2Master.iOS", "src\TT2Master.iOS\TT2Master.iOS.csproj", "{BC971B6C-BEA4-49BD-A5FC-A139E85668F2}"
EndProject
Project("{9A19103F-16F7-4668-BE54-9A1E7A4F7556}") = "TT2Master.Shared", "src\TT2Master.Shared\TT2Master.Shared.csproj", "{3AC7F1BE-B761-454D-AE0D-C1C5780BF2E1}"
EndProject
Project("{9A19103F-16F7-4668-BE54-9A1E7A4F7556}") = "TT2Master.Func", "src\TT2Master.Func\TT2Master.Func.csproj", "{B1C6D559-C5EC-43B2-B49A-32BD48A8A5B2}"
EndProject
Project("{9A19103F-16F7-4668-BE54-9A1E7A4F7556}") = "TT2Master.AdministrationApp.Shared", "src\TT2Master.Administration\Shared\TT2Master.AdministrationApp.Shared.csproj", "{BF2B0C47-8A16-47F5-A70C-CBF65481438D}"
EndProject
Project("{9A19103F-16F7-4668-BE54-9A1E7A4F7556}") = "TT2Master.AdministrationApp.Client", "src\TT2Master.Administration\Client\TT2Master.AdministrationApp.Client.csproj", "{925D8C0B-5C4C-44C0-BE2A-5D1493D6AEFD}"
EndProject
Project("{9A19103F-16F7-4668-BE54-9A1E7A4F7556}") = "TT2Master.AdministrationApp.Server", "src\TT2Master.Administration\Server\TT2Master.AdministrationApp.Server.csproj", "{E7FF9BD6-7CFA-4C58-BD72-63BBCB814842}"
EndProject
Project("{2150E333-8FDC-42A3-9474-1A3956D46DE8}") = "src", "src", "{E59F23BC-3053-490F-874F-670355D0F41A}"
EndProject
Project("{2150E333-8FDC-42A3-9474-1A3956D46DE8}") = "app", "app", "{565EC780-8C7C-41AA-86BB-32323C671DA5}"
EndProject
Project("{2150E333-8FDC-42A3-9474-1A3956D46DE8}") = "administration", "administration", "{AE8840FF-B6E8-40D9-8750-4A3C6FC9F865}"
EndProject
Project("{2150E333-8FDC-42A3-9474-1A3956D46DE8}") = "test", "test", "{2FA66C8F-0790-4270-B589-741EDF509619}"
EndProject
Project("{9A19103F-16F7-4668-BE54-9A1E7A4F7556}") = "TT2Master.Tests", "test\TT2Master.Tests\TT2Master.Tests.csproj", "{E024A751-607B-4AD8-AA57-232E7B0B072D}"
EndProject
Project("{9A19103F-16F7-4668-BE54-9A1E7A4F7556}") = "TT2Master.Shared.Tests", "test\TT2Master.Shared.Tests\TT2Master.Shared.Tests.csproj", "{ADB0D9B3-B025-49FC-97DF-8E1B31FE922C}"
EndProject
Global
	GlobalSection(SolutionConfigurationPlatforms) = preSolution
		Ad-Hoc|Any CPU = Ad-Hoc|Any CPU
		Ad-Hoc|iPhone = Ad-Hoc|iPhone
		Ad-Hoc|iPhoneSimulator = Ad-Hoc|iPhoneSimulator
		APKRelease|Any CPU = APKRelease|Any CPU
		APKRelease|iPhone = APKRelease|iPhone
		APKRelease|iPhoneSimulator = APKRelease|iPhoneSimulator
		AppStore|Any CPU = AppStore|Any CPU
		AppStore|iPhone = AppStore|iPhone
		AppStore|iPhoneSimulator = AppStore|iPhoneSimulator
		Debug|Any CPU = Debug|Any CPU
		Debug|iPhone = Debug|iPhone
		Debug|iPhoneSimulator = Debug|iPhoneSimulator
		Release|Any CPU = Release|Any CPU
		Release|iPhone = Release|iPhone
		Release|iPhoneSimulator = Release|iPhoneSimulator
	EndGlobalSection
	GlobalSection(ProjectConfigurationPlatforms) = postSolution
		{E6712AD6-15C5-483D-8120-63FB84D67A5C}.Ad-Hoc|Any CPU.ActiveCfg = APKRelease|Any CPU
		{E6712AD6-15C5-483D-8120-63FB84D67A5C}.Ad-Hoc|Any CPU.Build.0 = APKRelease|Any CPU
		{E6712AD6-15C5-483D-8120-63FB84D67A5C}.Ad-Hoc|iPhone.ActiveCfg = APKRelease|Any CPU
		{E6712AD6-15C5-483D-8120-63FB84D67A5C}.Ad-Hoc|iPhone.Build.0 = APKRelease|Any CPU
		{E6712AD6-15C5-483D-8120-63FB84D67A5C}.Ad-Hoc|iPhoneSimulator.ActiveCfg = APKRelease|Any CPU
		{E6712AD6-15C5-483D-8120-63FB84D67A5C}.Ad-Hoc|iPhoneSimulator.Build.0 = APKRelease|Any CPU
		{E6712AD6-15C5-483D-8120-63FB84D67A5C}.APKRelease|Any CPU.ActiveCfg = APKRelease|Any CPU
		{E6712AD6-15C5-483D-8120-63FB84D67A5C}.APKRelease|Any CPU.Build.0 = APKRelease|Any CPU
		{E6712AD6-15C5-483D-8120-63FB84D67A5C}.APKRelease|iPhone.ActiveCfg = APKRelease|Any CPU
		{E6712AD6-15C5-483D-8120-63FB84D67A5C}.APKRelease|iPhone.Build.0 = APKRelease|Any CPU
		{E6712AD6-15C5-483D-8120-63FB84D67A5C}.APKRelease|iPhoneSimulator.ActiveCfg = APKRelease|Any CPU
		{E6712AD6-15C5-483D-8120-63FB84D67A5C}.APKRelease|iPhoneSimulator.Build.0 = APKRelease|Any CPU
		{E6712AD6-15C5-483D-8120-63FB84D67A5C}.AppStore|Any CPU.ActiveCfg = APKRelease|Any CPU
		{E6712AD6-15C5-483D-8120-63FB84D67A5C}.AppStore|Any CPU.Build.0 = APKRelease|Any CPU
		{E6712AD6-15C5-483D-8120-63FB84D67A5C}.AppStore|iPhone.ActiveCfg = APKRelease|Any CPU
		{E6712AD6-15C5-483D-8120-63FB84D67A5C}.AppStore|iPhone.Build.0 = APKRelease|Any CPU
		{E6712AD6-15C5-483D-8120-63FB84D67A5C}.AppStore|iPhoneSimulator.ActiveCfg = APKRelease|Any CPU
		{E6712AD6-15C5-483D-8120-63FB84D67A5C}.AppStore|iPhoneSimulator.Build.0 = APKRelease|Any CPU
		{E6712AD6-15C5-483D-8120-63FB84D67A5C}.Debug|Any CPU.ActiveCfg = Debug|Any CPU
		{E6712AD6-15C5-483D-8120-63FB84D67A5C}.Debug|Any CPU.Build.0 = Debug|Any CPU
		{E6712AD6-15C5-483D-8120-63FB84D67A5C}.Debug|iPhone.ActiveCfg = Debug|Any CPU
		{E6712AD6-15C5-483D-8120-63FB84D67A5C}.Debug|iPhone.Build.0 = Debug|Any CPU
		{E6712AD6-15C5-483D-8120-63FB84D67A5C}.Debug|iPhoneSimulator.ActiveCfg = Debug|Any CPU
		{E6712AD6-15C5-483D-8120-63FB84D67A5C}.Debug|iPhoneSimulator.Build.0 = Debug|Any CPU
		{E6712AD6-15C5-483D-8120-63FB84D67A5C}.Release|Any CPU.ActiveCfg = Release|Any CPU
		{E6712AD6-15C5-483D-8120-63FB84D67A5C}.Release|Any CPU.Build.0 = Release|Any CPU
		{E6712AD6-15C5-483D-8120-63FB84D67A5C}.Release|iPhone.ActiveCfg = Release|Any CPU
		{E6712AD6-15C5-483D-8120-63FB84D67A5C}.Release|iPhone.Build.0 = Release|Any CPU
		{E6712AD6-15C5-483D-8120-63FB84D67A5C}.Release|iPhoneSimulator.ActiveCfg = Release|Any CPU
		{E6712AD6-15C5-483D-8120-63FB84D67A5C}.Release|iPhoneSimulator.Build.0 = Release|Any CPU
		{528BB7A4-1806-486E-BE4C-28219CA17913}.Ad-Hoc|Any CPU.ActiveCfg = APKRelease|Any CPU
		{528BB7A4-1806-486E-BE4C-28219CA17913}.Ad-Hoc|Any CPU.Build.0 = APKRelease|Any CPU
		{528BB7A4-1806-486E-BE4C-28219CA17913}.Ad-Hoc|Any CPU.Deploy.0 = APKRelease|Any CPU
		{528BB7A4-1806-486E-BE4C-28219CA17913}.Ad-Hoc|iPhone.ActiveCfg = APKRelease|Any CPU
		{528BB7A4-1806-486E-BE4C-28219CA17913}.Ad-Hoc|iPhone.Build.0 = APKRelease|Any CPU
		{528BB7A4-1806-486E-BE4C-28219CA17913}.Ad-Hoc|iPhone.Deploy.0 = APKRelease|Any CPU
		{528BB7A4-1806-486E-BE4C-28219CA17913}.Ad-Hoc|iPhoneSimulator.ActiveCfg = APKRelease|Any CPU
		{528BB7A4-1806-486E-BE4C-28219CA17913}.Ad-Hoc|iPhoneSimulator.Build.0 = APKRelease|Any CPU
		{528BB7A4-1806-486E-BE4C-28219CA17913}.Ad-Hoc|iPhoneSimulator.Deploy.0 = APKRelease|Any CPU
		{528BB7A4-1806-486E-BE4C-28219CA17913}.APKRelease|Any CPU.ActiveCfg = APKRelease|Any CPU
		{528BB7A4-1806-486E-BE4C-28219CA17913}.APKRelease|Any CPU.Build.0 = APKRelease|Any CPU
		{528BB7A4-1806-486E-BE4C-28219CA17913}.APKRelease|Any CPU.Deploy.0 = APKRelease|Any CPU
		{528BB7A4-1806-486E-BE4C-28219CA17913}.APKRelease|iPhone.ActiveCfg = APKRelease|Any CPU
		{528BB7A4-1806-486E-BE4C-28219CA17913}.APKRelease|iPhone.Build.0 = APKRelease|Any CPU
		{528BB7A4-1806-486E-BE4C-28219CA17913}.APKRelease|iPhone.Deploy.0 = APKRelease|Any CPU
		{528BB7A4-1806-486E-BE4C-28219CA17913}.APKRelease|iPhoneSimulator.ActiveCfg = APKRelease|Any CPU
		{528BB7A4-1806-486E-BE4C-28219CA17913}.APKRelease|iPhoneSimulator.Build.0 = APKRelease|Any CPU
		{528BB7A4-1806-486E-BE4C-28219CA17913}.APKRelease|iPhoneSimulator.Deploy.0 = APKRelease|Any CPU
		{528BB7A4-1806-486E-BE4C-28219CA17913}.AppStore|Any CPU.ActiveCfg = APKRelease|Any CPU
		{528BB7A4-1806-486E-BE4C-28219CA17913}.AppStore|Any CPU.Build.0 = APKRelease|Any CPU
		{528BB7A4-1806-486E-BE4C-28219CA17913}.AppStore|Any CPU.Deploy.0 = APKRelease|Any CPU
		{528BB7A4-1806-486E-BE4C-28219CA17913}.AppStore|iPhone.ActiveCfg = APKRelease|Any CPU
		{528BB7A4-1806-486E-BE4C-28219CA17913}.AppStore|iPhone.Build.0 = APKRelease|Any CPU
		{528BB7A4-1806-486E-BE4C-28219CA17913}.AppStore|iPhone.Deploy.0 = APKRelease|Any CPU
		{528BB7A4-1806-486E-BE4C-28219CA17913}.AppStore|iPhoneSimulator.ActiveCfg = APKRelease|Any CPU
		{528BB7A4-1806-486E-BE4C-28219CA17913}.AppStore|iPhoneSimulator.Build.0 = APKRelease|Any CPU
		{528BB7A4-1806-486E-BE4C-28219CA17913}.AppStore|iPhoneSimulator.Deploy.0 = APKRelease|Any CPU
		{528BB7A4-1806-486E-BE4C-28219CA17913}.Debug|Any CPU.ActiveCfg = Debug|Any CPU
		{528BB7A4-1806-486E-BE4C-28219CA17913}.Debug|Any CPU.Build.0 = Debug|Any CPU
		{528BB7A4-1806-486E-BE4C-28219CA17913}.Debug|Any CPU.Deploy.0 = Debug|Any CPU
		{528BB7A4-1806-486E-BE4C-28219CA17913}.Debug|iPhone.ActiveCfg = Debug|Any CPU
		{528BB7A4-1806-486E-BE4C-28219CA17913}.Debug|iPhone.Build.0 = Debug|Any CPU
		{528BB7A4-1806-486E-BE4C-28219CA17913}.Debug|iPhone.Deploy.0 = Debug|Any CPU
		{528BB7A4-1806-486E-BE4C-28219CA17913}.Debug|iPhoneSimulator.ActiveCfg = Debug|Any CPU
		{528BB7A4-1806-486E-BE4C-28219CA17913}.Debug|iPhoneSimulator.Build.0 = Debug|Any CPU
		{528BB7A4-1806-486E-BE4C-28219CA17913}.Debug|iPhoneSimulator.Deploy.0 = Debug|Any CPU
		{528BB7A4-1806-486E-BE4C-28219CA17913}.Release|Any CPU.ActiveCfg = Release|Any CPU
		{528BB7A4-1806-486E-BE4C-28219CA17913}.Release|Any CPU.Build.0 = Release|Any CPU
		{528BB7A4-1806-486E-BE4C-28219CA17913}.Release|Any CPU.Deploy.0 = Release|Any CPU
		{528BB7A4-1806-486E-BE4C-28219CA17913}.Release|iPhone.ActiveCfg = Release|Any CPU
		{528BB7A4-1806-486E-BE4C-28219CA17913}.Release|iPhone.Build.0 = Release|Any CPU
		{528BB7A4-1806-486E-BE4C-28219CA17913}.Release|iPhone.Deploy.0 = Release|Any CPU
		{528BB7A4-1806-486E-BE4C-28219CA17913}.Release|iPhoneSimulator.ActiveCfg = Release|Any CPU
		{528BB7A4-1806-486E-BE4C-28219CA17913}.Release|iPhoneSimulator.Build.0 = Release|Any CPU
		{528BB7A4-1806-486E-BE4C-28219CA17913}.Release|iPhoneSimulator.Deploy.0 = Release|Any CPU
		{BC971B6C-BEA4-49BD-A5FC-A139E85668F2}.Ad-Hoc|Any CPU.ActiveCfg = Ad-Hoc|iPhoneSimulator
		{BC971B6C-BEA4-49BD-A5FC-A139E85668F2}.Ad-Hoc|Any CPU.Build.0 = Ad-Hoc|iPhoneSimulator
		{BC971B6C-BEA4-49BD-A5FC-A139E85668F2}.Ad-Hoc|iPhone.ActiveCfg = Ad-Hoc|iPhone
		{BC971B6C-BEA4-49BD-A5FC-A139E85668F2}.Ad-Hoc|iPhone.Build.0 = Ad-Hoc|iPhone
		{BC971B6C-BEA4-49BD-A5FC-A139E85668F2}.Ad-Hoc|iPhoneSimulator.ActiveCfg = Ad-Hoc|iPhoneSimulator
		{BC971B6C-BEA4-49BD-A5FC-A139E85668F2}.Ad-Hoc|iPhoneSimulator.Build.0 = Ad-Hoc|iPhoneSimulator
		{BC971B6C-BEA4-49BD-A5FC-A139E85668F2}.APKRelease|Any CPU.ActiveCfg = APKRelease|iPhoneSimulator
		{BC971B6C-BEA4-49BD-A5FC-A139E85668F2}.APKRelease|Any CPU.Build.0 = APKRelease|iPhoneSimulator
		{BC971B6C-BEA4-49BD-A5FC-A139E85668F2}.APKRelease|iPhone.ActiveCfg = APKRelease|iPhone
		{BC971B6C-BEA4-49BD-A5FC-A139E85668F2}.APKRelease|iPhone.Build.0 = APKRelease|iPhone
		{BC971B6C-BEA4-49BD-A5FC-A139E85668F2}.APKRelease|iPhoneSimulator.ActiveCfg = APKRelease|iPhoneSimulator
		{BC971B6C-BEA4-49BD-A5FC-A139E85668F2}.APKRelease|iPhoneSimulator.Build.0 = APKRelease|iPhoneSimulator
		{BC971B6C-BEA4-49BD-A5FC-A139E85668F2}.AppStore|Any CPU.ActiveCfg = AppStore|iPhoneSimulator
		{BC971B6C-BEA4-49BD-A5FC-A139E85668F2}.AppStore|Any CPU.Build.0 = AppStore|iPhoneSimulator
		{BC971B6C-BEA4-49BD-A5FC-A139E85668F2}.AppStore|iPhone.ActiveCfg = AppStore|iPhone
		{BC971B6C-BEA4-49BD-A5FC-A139E85668F2}.AppStore|iPhone.Build.0 = AppStore|iPhone
		{BC971B6C-BEA4-49BD-A5FC-A139E85668F2}.AppStore|iPhoneSimulator.ActiveCfg = AppStore|iPhoneSimulator
		{BC971B6C-BEA4-49BD-A5FC-A139E85668F2}.AppStore|iPhoneSimulator.Build.0 = AppStore|iPhoneSimulator
		{BC971B6C-BEA4-49BD-A5FC-A139E85668F2}.Debug|Any CPU.ActiveCfg = Debug|iPhoneSimulator
		{BC971B6C-BEA4-49BD-A5FC-A139E85668F2}.Debug|Any CPU.Build.0 = Debug|iPhoneSimulator
		{BC971B6C-BEA4-49BD-A5FC-A139E85668F2}.Debug|iPhone.ActiveCfg = Debug|iPhone
		{BC971B6C-BEA4-49BD-A5FC-A139E85668F2}.Debug|iPhone.Build.0 = Debug|iPhone
		{BC971B6C-BEA4-49BD-A5FC-A139E85668F2}.Debug|iPhoneSimulator.ActiveCfg = Debug|iPhoneSimulator
		{BC971B6C-BEA4-49BD-A5FC-A139E85668F2}.Debug|iPhoneSimulator.Build.0 = Debug|iPhoneSimulator
		{BC971B6C-BEA4-49BD-A5FC-A139E85668F2}.Release|Any CPU.ActiveCfg = Release|iPhoneSimulator
		{BC971B6C-BEA4-49BD-A5FC-A139E85668F2}.Release|Any CPU.Build.0 = Release|iPhoneSimulator
		{BC971B6C-BEA4-49BD-A5FC-A139E85668F2}.Release|iPhone.ActiveCfg = Release|iPhone
		{BC971B6C-BEA4-49BD-A5FC-A139E85668F2}.Release|iPhone.Build.0 = Release|iPhone
		{BC971B6C-BEA4-49BD-A5FC-A139E85668F2}.Release|iPhoneSimulator.ActiveCfg = Release|iPhoneSimulator
		{BC971B6C-BEA4-49BD-A5FC-A139E85668F2}.Release|iPhoneSimulator.Build.0 = Release|iPhoneSimulator
		{3AC7F1BE-B761-454D-AE0D-C1C5780BF2E1}.Ad-Hoc|Any CPU.ActiveCfg = Debug|Any CPU
		{3AC7F1BE-B761-454D-AE0D-C1C5780BF2E1}.Ad-Hoc|Any CPU.Build.0 = Debug|Any CPU
		{3AC7F1BE-B761-454D-AE0D-C1C5780BF2E1}.Ad-Hoc|iPhone.ActiveCfg = Debug|Any CPU
		{3AC7F1BE-B761-454D-AE0D-C1C5780BF2E1}.Ad-Hoc|iPhone.Build.0 = Debug|Any CPU
		{3AC7F1BE-B761-454D-AE0D-C1C5780BF2E1}.Ad-Hoc|iPhoneSimulator.ActiveCfg = Debug|Any CPU
		{3AC7F1BE-B761-454D-AE0D-C1C5780BF2E1}.Ad-Hoc|iPhoneSimulator.Build.0 = Debug|Any CPU
		{3AC7F1BE-B761-454D-AE0D-C1C5780BF2E1}.APKRelease|Any CPU.ActiveCfg = Release|Any CPU
		{3AC7F1BE-B761-454D-AE0D-C1C5780BF2E1}.APKRelease|Any CPU.Build.0 = Release|Any CPU
		{3AC7F1BE-B761-454D-AE0D-C1C5780BF2E1}.APKRelease|iPhone.ActiveCfg = Release|Any CPU
		{3AC7F1BE-B761-454D-AE0D-C1C5780BF2E1}.APKRelease|iPhone.Build.0 = Release|Any CPU
		{3AC7F1BE-B761-454D-AE0D-C1C5780BF2E1}.APKRelease|iPhoneSimulator.ActiveCfg = Release|Any CPU
		{3AC7F1BE-B761-454D-AE0D-C1C5780BF2E1}.APKRelease|iPhoneSimulator.Build.0 = Release|Any CPU
		{3AC7F1BE-B761-454D-AE0D-C1C5780BF2E1}.AppStore|Any CPU.ActiveCfg = Debug|Any CPU
		{3AC7F1BE-B761-454D-AE0D-C1C5780BF2E1}.AppStore|Any CPU.Build.0 = Debug|Any CPU
		{3AC7F1BE-B761-454D-AE0D-C1C5780BF2E1}.AppStore|iPhone.ActiveCfg = Debug|Any CPU
		{3AC7F1BE-B761-454D-AE0D-C1C5780BF2E1}.AppStore|iPhone.Build.0 = Debug|Any CPU
		{3AC7F1BE-B761-454D-AE0D-C1C5780BF2E1}.AppStore|iPhoneSimulator.ActiveCfg = Debug|Any CPU
		{3AC7F1BE-B761-454D-AE0D-C1C5780BF2E1}.AppStore|iPhoneSimulator.Build.0 = Debug|Any CPU
		{3AC7F1BE-B761-454D-AE0D-C1C5780BF2E1}.Debug|Any CPU.ActiveCfg = Debug|Any CPU
		{3AC7F1BE-B761-454D-AE0D-C1C5780BF2E1}.Debug|Any CPU.Build.0 = Debug|Any CPU
		{3AC7F1BE-B761-454D-AE0D-C1C5780BF2E1}.Debug|iPhone.ActiveCfg = Debug|Any CPU
		{3AC7F1BE-B761-454D-AE0D-C1C5780BF2E1}.Debug|iPhone.Build.0 = Debug|Any CPU
		{3AC7F1BE-B761-454D-AE0D-C1C5780BF2E1}.Debug|iPhoneSimulator.ActiveCfg = Debug|Any CPU
		{3AC7F1BE-B761-454D-AE0D-C1C5780BF2E1}.Debug|iPhoneSimulator.Build.0 = Debug|Any CPU
		{3AC7F1BE-B761-454D-AE0D-C1C5780BF2E1}.Release|Any CPU.ActiveCfg = Release|Any CPU
		{3AC7F1BE-B761-454D-AE0D-C1C5780BF2E1}.Release|Any CPU.Build.0 = Release|Any CPU
		{3AC7F1BE-B761-454D-AE0D-C1C5780BF2E1}.Release|iPhone.ActiveCfg = Release|Any CPU
		{3AC7F1BE-B761-454D-AE0D-C1C5780BF2E1}.Release|iPhone.Build.0 = Release|Any CPU
		{3AC7F1BE-B761-454D-AE0D-C1C5780BF2E1}.Release|iPhoneSimulator.ActiveCfg = Release|Any CPU
		{3AC7F1BE-B761-454D-AE0D-C1C5780BF2E1}.Release|iPhoneSimulator.Build.0 = Release|Any CPU
		{B1C6D559-C5EC-43B2-B49A-32BD48A8A5B2}.Ad-Hoc|Any CPU.ActiveCfg = Debug|Any CPU
		{B1C6D559-C5EC-43B2-B49A-32BD48A8A5B2}.Ad-Hoc|Any CPU.Build.0 = Debug|Any CPU
		{B1C6D559-C5EC-43B2-B49A-32BD48A8A5B2}.Ad-Hoc|iPhone.ActiveCfg = Debug|Any CPU
		{B1C6D559-C5EC-43B2-B49A-32BD48A8A5B2}.Ad-Hoc|iPhone.Build.0 = Debug|Any CPU
		{B1C6D559-C5EC-43B2-B49A-32BD48A8A5B2}.Ad-Hoc|iPhoneSimulator.ActiveCfg = Debug|Any CPU
		{B1C6D559-C5EC-43B2-B49A-32BD48A8A5B2}.Ad-Hoc|iPhoneSimulator.Build.0 = Debug|Any CPU
		{B1C6D559-C5EC-43B2-B49A-32BD48A8A5B2}.APKRelease|Any CPU.ActiveCfg = Release|Any CPU
		{B1C6D559-C5EC-43B2-B49A-32BD48A8A5B2}.APKRelease|Any CPU.Build.0 = Release|Any CPU
		{B1C6D559-C5EC-43B2-B49A-32BD48A8A5B2}.APKRelease|iPhone.ActiveCfg = Release|Any CPU
		{B1C6D559-C5EC-43B2-B49A-32BD48A8A5B2}.APKRelease|iPhone.Build.0 = Release|Any CPU
		{B1C6D559-C5EC-43B2-B49A-32BD48A8A5B2}.APKRelease|iPhoneSimulator.ActiveCfg = Release|Any CPU
		{B1C6D559-C5EC-43B2-B49A-32BD48A8A5B2}.APKRelease|iPhoneSimulator.Build.0 = Release|Any CPU
		{B1C6D559-C5EC-43B2-B49A-32BD48A8A5B2}.AppStore|Any CPU.ActiveCfg = Debug|Any CPU
		{B1C6D559-C5EC-43B2-B49A-32BD48A8A5B2}.AppStore|Any CPU.Build.0 = Debug|Any CPU
		{B1C6D559-C5EC-43B2-B49A-32BD48A8A5B2}.AppStore|iPhone.ActiveCfg = Debug|Any CPU
		{B1C6D559-C5EC-43B2-B49A-32BD48A8A5B2}.AppStore|iPhone.Build.0 = Debug|Any CPU
		{B1C6D559-C5EC-43B2-B49A-32BD48A8A5B2}.AppStore|iPhoneSimulator.ActiveCfg = Debug|Any CPU
		{B1C6D559-C5EC-43B2-B49A-32BD48A8A5B2}.AppStore|iPhoneSimulator.Build.0 = Debug|Any CPU
		{B1C6D559-C5EC-43B2-B49A-32BD48A8A5B2}.Debug|Any CPU.ActiveCfg = Debug|Any CPU
		{B1C6D559-C5EC-43B2-B49A-32BD48A8A5B2}.Debug|Any CPU.Build.0 = Debug|Any CPU
		{B1C6D559-C5EC-43B2-B49A-32BD48A8A5B2}.Debug|iPhone.ActiveCfg = Debug|Any CPU
		{B1C6D559-C5EC-43B2-B49A-32BD48A8A5B2}.Debug|iPhone.Build.0 = Debug|Any CPU
		{B1C6D559-C5EC-43B2-B49A-32BD48A8A5B2}.Debug|iPhoneSimulator.ActiveCfg = Debug|Any CPU
		{B1C6D559-C5EC-43B2-B49A-32BD48A8A5B2}.Debug|iPhoneSimulator.Build.0 = Debug|Any CPU
		{B1C6D559-C5EC-43B2-B49A-32BD48A8A5B2}.Release|Any CPU.ActiveCfg = Release|Any CPU
		{B1C6D559-C5EC-43B2-B49A-32BD48A8A5B2}.Release|Any CPU.Build.0 = Release|Any CPU
		{B1C6D559-C5EC-43B2-B49A-32BD48A8A5B2}.Release|iPhone.ActiveCfg = Release|Any CPU
		{B1C6D559-C5EC-43B2-B49A-32BD48A8A5B2}.Release|iPhone.Build.0 = Release|Any CPU
		{B1C6D559-C5EC-43B2-B49A-32BD48A8A5B2}.Release|iPhoneSimulator.ActiveCfg = Release|Any CPU
		{B1C6D559-C5EC-43B2-B49A-32BD48A8A5B2}.Release|iPhoneSimulator.Build.0 = Release|Any CPU
		{BF2B0C47-8A16-47F5-A70C-CBF65481438D}.Ad-Hoc|Any CPU.ActiveCfg = Debug|Any CPU
		{BF2B0C47-8A16-47F5-A70C-CBF65481438D}.Ad-Hoc|Any CPU.Build.0 = Debug|Any CPU
		{BF2B0C47-8A16-47F5-A70C-CBF65481438D}.Ad-Hoc|iPhone.ActiveCfg = Debug|Any CPU
		{BF2B0C47-8A16-47F5-A70C-CBF65481438D}.Ad-Hoc|iPhone.Build.0 = Debug|Any CPU
		{BF2B0C47-8A16-47F5-A70C-CBF65481438D}.Ad-Hoc|iPhoneSimulator.ActiveCfg = Debug|Any CPU
		{BF2B0C47-8A16-47F5-A70C-CBF65481438D}.Ad-Hoc|iPhoneSimulator.Build.0 = Debug|Any CPU
		{BF2B0C47-8A16-47F5-A70C-CBF65481438D}.APKRelease|Any CPU.ActiveCfg = Release|Any CPU
		{BF2B0C47-8A16-47F5-A70C-CBF65481438D}.APKRelease|Any CPU.Build.0 = Release|Any CPU
		{BF2B0C47-8A16-47F5-A70C-CBF65481438D}.APKRelease|iPhone.ActiveCfg = Release|Any CPU
		{BF2B0C47-8A16-47F5-A70C-CBF65481438D}.APKRelease|iPhone.Build.0 = Release|Any CPU
		{BF2B0C47-8A16-47F5-A70C-CBF65481438D}.APKRelease|iPhoneSimulator.ActiveCfg = Release|Any CPU
		{BF2B0C47-8A16-47F5-A70C-CBF65481438D}.APKRelease|iPhoneSimulator.Build.0 = Release|Any CPU
		{BF2B0C47-8A16-47F5-A70C-CBF65481438D}.AppStore|Any CPU.ActiveCfg = Debug|Any CPU
		{BF2B0C47-8A16-47F5-A70C-CBF65481438D}.AppStore|Any CPU.Build.0 = Debug|Any CPU
		{BF2B0C47-8A16-47F5-A70C-CBF65481438D}.AppStore|iPhone.ActiveCfg = Debug|Any CPU
		{BF2B0C47-8A16-47F5-A70C-CBF65481438D}.AppStore|iPhone.Build.0 = Debug|Any CPU
		{BF2B0C47-8A16-47F5-A70C-CBF65481438D}.AppStore|iPhoneSimulator.ActiveCfg = Debug|Any CPU
		{BF2B0C47-8A16-47F5-A70C-CBF65481438D}.AppStore|iPhoneSimulator.Build.0 = Debug|Any CPU
		{BF2B0C47-8A16-47F5-A70C-CBF65481438D}.Debug|Any CPU.ActiveCfg = Debug|Any CPU
		{BF2B0C47-8A16-47F5-A70C-CBF65481438D}.Debug|Any CPU.Build.0 = Debug|Any CPU
		{BF2B0C47-8A16-47F5-A70C-CBF65481438D}.Debug|iPhone.ActiveCfg = Debug|Any CPU
		{BF2B0C47-8A16-47F5-A70C-CBF65481438D}.Debug|iPhone.Build.0 = Debug|Any CPU
		{BF2B0C47-8A16-47F5-A70C-CBF65481438D}.Debug|iPhoneSimulator.ActiveCfg = Debug|Any CPU
		{BF2B0C47-8A16-47F5-A70C-CBF65481438D}.Debug|iPhoneSimulator.Build.0 = Debug|Any CPU
		{BF2B0C47-8A16-47F5-A70C-CBF65481438D}.Release|Any CPU.ActiveCfg = Release|Any CPU
		{BF2B0C47-8A16-47F5-A70C-CBF65481438D}.Release|Any CPU.Build.0 = Release|Any CPU
		{BF2B0C47-8A16-47F5-A70C-CBF65481438D}.Release|iPhone.ActiveCfg = Release|Any CPU
		{BF2B0C47-8A16-47F5-A70C-CBF65481438D}.Release|iPhone.Build.0 = Release|Any CPU
		{BF2B0C47-8A16-47F5-A70C-CBF65481438D}.Release|iPhoneSimulator.ActiveCfg = Release|Any CPU
		{BF2B0C47-8A16-47F5-A70C-CBF65481438D}.Release|iPhoneSimulator.Build.0 = Release|Any CPU
		{925D8C0B-5C4C-44C0-BE2A-5D1493D6AEFD}.Ad-Hoc|Any CPU.ActiveCfg = Debug|Any CPU
		{925D8C0B-5C4C-44C0-BE2A-5D1493D6AEFD}.Ad-Hoc|Any CPU.Build.0 = Debug|Any CPU
		{925D8C0B-5C4C-44C0-BE2A-5D1493D6AEFD}.Ad-Hoc|iPhone.ActiveCfg = Debug|Any CPU
		{925D8C0B-5C4C-44C0-BE2A-5D1493D6AEFD}.Ad-Hoc|iPhone.Build.0 = Debug|Any CPU
		{925D8C0B-5C4C-44C0-BE2A-5D1493D6AEFD}.Ad-Hoc|iPhoneSimulator.ActiveCfg = Debug|Any CPU
		{925D8C0B-5C4C-44C0-BE2A-5D1493D6AEFD}.Ad-Hoc|iPhoneSimulator.Build.0 = Debug|Any CPU
		{925D8C0B-5C4C-44C0-BE2A-5D1493D6AEFD}.APKRelease|Any CPU.ActiveCfg = Release|Any CPU
		{925D8C0B-5C4C-44C0-BE2A-5D1493D6AEFD}.APKRelease|Any CPU.Build.0 = Release|Any CPU
		{925D8C0B-5C4C-44C0-BE2A-5D1493D6AEFD}.APKRelease|iPhone.ActiveCfg = Release|Any CPU
		{925D8C0B-5C4C-44C0-BE2A-5D1493D6AEFD}.APKRelease|iPhone.Build.0 = Release|Any CPU
		{925D8C0B-5C4C-44C0-BE2A-5D1493D6AEFD}.APKRelease|iPhoneSimulator.ActiveCfg = Release|Any CPU
		{925D8C0B-5C4C-44C0-BE2A-5D1493D6AEFD}.APKRelease|iPhoneSimulator.Build.0 = Release|Any CPU
		{925D8C0B-5C4C-44C0-BE2A-5D1493D6AEFD}.AppStore|Any CPU.ActiveCfg = Debug|Any CPU
		{925D8C0B-5C4C-44C0-BE2A-5D1493D6AEFD}.AppStore|Any CPU.Build.0 = Debug|Any CPU
		{925D8C0B-5C4C-44C0-BE2A-5D1493D6AEFD}.AppStore|iPhone.ActiveCfg = Debug|Any CPU
		{925D8C0B-5C4C-44C0-BE2A-5D1493D6AEFD}.AppStore|iPhone.Build.0 = Debug|Any CPU
		{925D8C0B-5C4C-44C0-BE2A-5D1493D6AEFD}.AppStore|iPhoneSimulator.ActiveCfg = Debug|Any CPU
		{925D8C0B-5C4C-44C0-BE2A-5D1493D6AEFD}.AppStore|iPhoneSimulator.Build.0 = Debug|Any CPU
		{925D8C0B-5C4C-44C0-BE2A-5D1493D6AEFD}.Debug|Any CPU.ActiveCfg = Debug|Any CPU
		{925D8C0B-5C4C-44C0-BE2A-5D1493D6AEFD}.Debug|Any CPU.Build.0 = Debug|Any CPU
		{925D8C0B-5C4C-44C0-BE2A-5D1493D6AEFD}.Debug|iPhone.ActiveCfg = Debug|Any CPU
		{925D8C0B-5C4C-44C0-BE2A-5D1493D6AEFD}.Debug|iPhone.Build.0 = Debug|Any CPU
		{925D8C0B-5C4C-44C0-BE2A-5D1493D6AEFD}.Debug|iPhoneSimulator.ActiveCfg = Debug|Any CPU
		{925D8C0B-5C4C-44C0-BE2A-5D1493D6AEFD}.Debug|iPhoneSimulator.Build.0 = Debug|Any CPU
		{925D8C0B-5C4C-44C0-BE2A-5D1493D6AEFD}.Release|Any CPU.ActiveCfg = Release|Any CPU
		{925D8C0B-5C4C-44C0-BE2A-5D1493D6AEFD}.Release|Any CPU.Build.0 = Release|Any CPU
		{925D8C0B-5C4C-44C0-BE2A-5D1493D6AEFD}.Release|iPhone.ActiveCfg = Release|Any CPU
		{925D8C0B-5C4C-44C0-BE2A-5D1493D6AEFD}.Release|iPhone.Build.0 = Release|Any CPU
		{925D8C0B-5C4C-44C0-BE2A-5D1493D6AEFD}.Release|iPhoneSimulator.ActiveCfg = Release|Any CPU
		{925D8C0B-5C4C-44C0-BE2A-5D1493D6AEFD}.Release|iPhoneSimulator.Build.0 = Release|Any CPU
		{E7FF9BD6-7CFA-4C58-BD72-63BBCB814842}.Ad-Hoc|Any CPU.ActiveCfg = Debug|Any CPU
		{E7FF9BD6-7CFA-4C58-BD72-63BBCB814842}.Ad-Hoc|Any CPU.Build.0 = Debug|Any CPU
		{E7FF9BD6-7CFA-4C58-BD72-63BBCB814842}.Ad-Hoc|iPhone.ActiveCfg = Debug|Any CPU
		{E7FF9BD6-7CFA-4C58-BD72-63BBCB814842}.Ad-Hoc|iPhone.Build.0 = Debug|Any CPU
		{E7FF9BD6-7CFA-4C58-BD72-63BBCB814842}.Ad-Hoc|iPhoneSimulator.ActiveCfg = Debug|Any CPU
		{E7FF9BD6-7CFA-4C58-BD72-63BBCB814842}.Ad-Hoc|iPhoneSimulator.Build.0 = Debug|Any CPU
		{E7FF9BD6-7CFA-4C58-BD72-63BBCB814842}.APKRelease|Any CPU.ActiveCfg = Release|Any CPU
		{E7FF9BD6-7CFA-4C58-BD72-63BBCB814842}.APKRelease|Any CPU.Build.0 = Release|Any CPU
		{E7FF9BD6-7CFA-4C58-BD72-63BBCB814842}.APKRelease|iPhone.ActiveCfg = Release|Any CPU
		{E7FF9BD6-7CFA-4C58-BD72-63BBCB814842}.APKRelease|iPhone.Build.0 = Release|Any CPU
		{E7FF9BD6-7CFA-4C58-BD72-63BBCB814842}.APKRelease|iPhoneSimulator.ActiveCfg = Release|Any CPU
		{E7FF9BD6-7CFA-4C58-BD72-63BBCB814842}.APKRelease|iPhoneSimulator.Build.0 = Release|Any CPU
		{E7FF9BD6-7CFA-4C58-BD72-63BBCB814842}.AppStore|Any CPU.ActiveCfg = Debug|Any CPU
		{E7FF9BD6-7CFA-4C58-BD72-63BBCB814842}.AppStore|Any CPU.Build.0 = Debug|Any CPU
		{E7FF9BD6-7CFA-4C58-BD72-63BBCB814842}.AppStore|iPhone.ActiveCfg = Debug|Any CPU
		{E7FF9BD6-7CFA-4C58-BD72-63BBCB814842}.AppStore|iPhone.Build.0 = Debug|Any CPU
		{E7FF9BD6-7CFA-4C58-BD72-63BBCB814842}.AppStore|iPhoneSimulator.ActiveCfg = Debug|Any CPU
		{E7FF9BD6-7CFA-4C58-BD72-63BBCB814842}.AppStore|iPhoneSimulator.Build.0 = Debug|Any CPU
		{E7FF9BD6-7CFA-4C58-BD72-63BBCB814842}.Debug|Any CPU.ActiveCfg = Debug|Any CPU
		{E7FF9BD6-7CFA-4C58-BD72-63BBCB814842}.Debug|Any CPU.Build.0 = Debug|Any CPU
		{E7FF9BD6-7CFA-4C58-BD72-63BBCB814842}.Debug|iPhone.ActiveCfg = Debug|Any CPU
		{E7FF9BD6-7CFA-4C58-BD72-63BBCB814842}.Debug|iPhone.Build.0 = Debug|Any CPU
		{E7FF9BD6-7CFA-4C58-BD72-63BBCB814842}.Debug|iPhoneSimulator.ActiveCfg = Debug|Any CPU
		{E7FF9BD6-7CFA-4C58-BD72-63BBCB814842}.Debug|iPhoneSimulator.Build.0 = Debug|Any CPU
		{E7FF9BD6-7CFA-4C58-BD72-63BBCB814842}.Release|Any CPU.ActiveCfg = Release|Any CPU
		{E7FF9BD6-7CFA-4C58-BD72-63BBCB814842}.Release|Any CPU.Build.0 = Release|Any CPU
		{E7FF9BD6-7CFA-4C58-BD72-63BBCB814842}.Release|iPhone.ActiveCfg = Release|Any CPU
		{E7FF9BD6-7CFA-4C58-BD72-63BBCB814842}.Release|iPhone.Build.0 = Release|Any CPU
		{E7FF9BD6-7CFA-4C58-BD72-63BBCB814842}.Release|iPhoneSimulator.ActiveCfg = Release|Any CPU
		{E7FF9BD6-7CFA-4C58-BD72-63BBCB814842}.Release|iPhoneSimulator.Build.0 = Release|Any CPU
		{E024A751-607B-4AD8-AA57-232E7B0B072D}.Ad-Hoc|Any CPU.ActiveCfg = Debug|Any CPU
		{E024A751-607B-4AD8-AA57-232E7B0B072D}.Ad-Hoc|Any CPU.Build.0 = Debug|Any CPU
		{E024A751-607B-4AD8-AA57-232E7B0B072D}.Ad-Hoc|iPhone.ActiveCfg = Debug|Any CPU
		{E024A751-607B-4AD8-AA57-232E7B0B072D}.Ad-Hoc|iPhone.Build.0 = Debug|Any CPU
		{E024A751-607B-4AD8-AA57-232E7B0B072D}.Ad-Hoc|iPhoneSimulator.ActiveCfg = Debug|Any CPU
		{E024A751-607B-4AD8-AA57-232E7B0B072D}.Ad-Hoc|iPhoneSimulator.Build.0 = Debug|Any CPU
		{E024A751-607B-4AD8-AA57-232E7B0B072D}.APKRelease|Any CPU.ActiveCfg = Release|Any CPU
		{E024A751-607B-4AD8-AA57-232E7B0B072D}.APKRelease|Any CPU.Build.0 = Release|Any CPU
		{E024A751-607B-4AD8-AA57-232E7B0B072D}.APKRelease|iPhone.ActiveCfg = Release|Any CPU
		{E024A751-607B-4AD8-AA57-232E7B0B072D}.APKRelease|iPhone.Build.0 = Release|Any CPU
		{E024A751-607B-4AD8-AA57-232E7B0B072D}.APKRelease|iPhoneSimulator.ActiveCfg = Release|Any CPU
		{E024A751-607B-4AD8-AA57-232E7B0B072D}.APKRelease|iPhoneSimulator.Build.0 = Release|Any CPU
		{E024A751-607B-4AD8-AA57-232E7B0B072D}.AppStore|Any CPU.ActiveCfg = Debug|Any CPU
		{E024A751-607B-4AD8-AA57-232E7B0B072D}.AppStore|Any CPU.Build.0 = Debug|Any CPU
		{E024A751-607B-4AD8-AA57-232E7B0B072D}.AppStore|iPhone.ActiveCfg = Debug|Any CPU
		{E024A751-607B-4AD8-AA57-232E7B0B072D}.AppStore|iPhone.Build.0 = Debug|Any CPU
		{E024A751-607B-4AD8-AA57-232E7B0B072D}.AppStore|iPhoneSimulator.ActiveCfg = Debug|Any CPU
		{E024A751-607B-4AD8-AA57-232E7B0B072D}.AppStore|iPhoneSimulator.Build.0 = Debug|Any CPU
		{E024A751-607B-4AD8-AA57-232E7B0B072D}.Debug|Any CPU.ActiveCfg = Debug|Any CPU
		{E024A751-607B-4AD8-AA57-232E7B0B072D}.Debug|Any CPU.Build.0 = Debug|Any CPU
		{E024A751-607B-4AD8-AA57-232E7B0B072D}.Debug|iPhone.ActiveCfg = Debug|Any CPU
		{E024A751-607B-4AD8-AA57-232E7B0B072D}.Debug|iPhone.Build.0 = Debug|Any CPU
		{E024A751-607B-4AD8-AA57-232E7B0B072D}.Debug|iPhoneSimulator.ActiveCfg = Debug|Any CPU
		{E024A751-607B-4AD8-AA57-232E7B0B072D}.Debug|iPhoneSimulator.Build.0 = Debug|Any CPU
		{E024A751-607B-4AD8-AA57-232E7B0B072D}.Release|Any CPU.ActiveCfg = Release|Any CPU
		{E024A751-607B-4AD8-AA57-232E7B0B072D}.Release|Any CPU.Build.0 = Release|Any CPU
		{E024A751-607B-4AD8-AA57-232E7B0B072D}.Release|iPhone.ActiveCfg = Release|Any CPU
		{E024A751-607B-4AD8-AA57-232E7B0B072D}.Release|iPhone.Build.0 = Release|Any CPU
		{E024A751-607B-4AD8-AA57-232E7B0B072D}.Release|iPhoneSimulator.ActiveCfg = Release|Any CPU
		{E024A751-607B-4AD8-AA57-232E7B0B072D}.Release|iPhoneSimulator.Build.0 = Release|Any CPU
		{ADB0D9B3-B025-49FC-97DF-8E1B31FE922C}.Ad-Hoc|Any CPU.ActiveCfg = Debug|Any CPU
		{ADB0D9B3-B025-49FC-97DF-8E1B31FE922C}.Ad-Hoc|Any CPU.Build.0 = Debug|Any CPU
		{ADB0D9B3-B025-49FC-97DF-8E1B31FE922C}.Ad-Hoc|iPhone.ActiveCfg = Debug|Any CPU
		{ADB0D9B3-B025-49FC-97DF-8E1B31FE922C}.Ad-Hoc|iPhone.Build.0 = Debug|Any CPU
		{ADB0D9B3-B025-49FC-97DF-8E1B31FE922C}.Ad-Hoc|iPhoneSimulator.ActiveCfg = Debug|Any CPU
		{ADB0D9B3-B025-49FC-97DF-8E1B31FE922C}.Ad-Hoc|iPhoneSimulator.Build.0 = Debug|Any CPU
		{ADB0D9B3-B025-49FC-97DF-8E1B31FE922C}.APKRelease|Any CPU.ActiveCfg = Release|Any CPU
		{ADB0D9B3-B025-49FC-97DF-8E1B31FE922C}.APKRelease|Any CPU.Build.0 = Release|Any CPU
		{ADB0D9B3-B025-49FC-97DF-8E1B31FE922C}.APKRelease|iPhone.ActiveCfg = Release|Any CPU
		{ADB0D9B3-B025-49FC-97DF-8E1B31FE922C}.APKRelease|iPhone.Build.0 = Release|Any CPU
		{ADB0D9B3-B025-49FC-97DF-8E1B31FE922C}.APKRelease|iPhoneSimulator.ActiveCfg = Release|Any CPU
		{ADB0D9B3-B025-49FC-97DF-8E1B31FE922C}.APKRelease|iPhoneSimulator.Build.0 = Release|Any CPU
		{ADB0D9B3-B025-49FC-97DF-8E1B31FE922C}.AppStore|Any CPU.ActiveCfg = Debug|Any CPU
		{ADB0D9B3-B025-49FC-97DF-8E1B31FE922C}.AppStore|Any CPU.Build.0 = Debug|Any CPU
		{ADB0D9B3-B025-49FC-97DF-8E1B31FE922C}.AppStore|iPhone.ActiveCfg = Debug|Any CPU
		{ADB0D9B3-B025-49FC-97DF-8E1B31FE922C}.AppStore|iPhone.Build.0 = Debug|Any CPU
		{ADB0D9B3-B025-49FC-97DF-8E1B31FE922C}.AppStore|iPhoneSimulator.ActiveCfg = Debug|Any CPU
		{ADB0D9B3-B025-49FC-97DF-8E1B31FE922C}.AppStore|iPhoneSimulator.Build.0 = Debug|Any CPU
		{ADB0D9B3-B025-49FC-97DF-8E1B31FE922C}.Debug|Any CPU.ActiveCfg = Debug|Any CPU
		{ADB0D9B3-B025-49FC-97DF-8E1B31FE922C}.Debug|Any CPU.Build.0 = Debug|Any CPU
		{ADB0D9B3-B025-49FC-97DF-8E1B31FE922C}.Debug|iPhone.ActiveCfg = Debug|Any CPU
		{ADB0D9B3-B025-49FC-97DF-8E1B31FE922C}.Debug|iPhone.Build.0 = Debug|Any CPU
		{ADB0D9B3-B025-49FC-97DF-8E1B31FE922C}.Debug|iPhoneSimulator.ActiveCfg = Debug|Any CPU
		{ADB0D9B3-B025-49FC-97DF-8E1B31FE922C}.Debug|iPhoneSimulator.Build.0 = Debug|Any CPU
		{ADB0D9B3-B025-49FC-97DF-8E1B31FE922C}.Release|Any CPU.ActiveCfg = Release|Any CPU
		{ADB0D9B3-B025-49FC-97DF-8E1B31FE922C}.Release|Any CPU.Build.0 = Release|Any CPU
		{ADB0D9B3-B025-49FC-97DF-8E1B31FE922C}.Release|iPhone.ActiveCfg = Release|Any CPU
		{ADB0D9B3-B025-49FC-97DF-8E1B31FE922C}.Release|iPhone.Build.0 = Release|Any CPU
		{ADB0D9B3-B025-49FC-97DF-8E1B31FE922C}.Release|iPhoneSimulator.ActiveCfg = Release|Any CPU
		{ADB0D9B3-B025-49FC-97DF-8E1B31FE922C}.Release|iPhoneSimulator.Build.0 = Release|Any CPU
	EndGlobalSection
	GlobalSection(SolutionProperties) = preSolution
		HideSolutionNode = FALSE
	EndGlobalSection
	GlobalSection(NestedProjects) = preSolution
		{E6712AD6-15C5-483D-8120-63FB84D67A5C} = {565EC780-8C7C-41AA-86BB-32323C671DA5}
		{528BB7A4-1806-486E-BE4C-28219CA17913} = {565EC780-8C7C-41AA-86BB-32323C671DA5}
		{BC971B6C-BEA4-49BD-A5FC-A139E85668F2} = {565EC780-8C7C-41AA-86BB-32323C671DA5}
		{3AC7F1BE-B761-454D-AE0D-C1C5780BF2E1} = {E59F23BC-3053-490F-874F-670355D0F41A}
		{B1C6D559-C5EC-43B2-B49A-32BD48A8A5B2} = {AE8840FF-B6E8-40D9-8750-4A3C6FC9F865}
		{BF2B0C47-8A16-47F5-A70C-CBF65481438D} = {AE8840FF-B6E8-40D9-8750-4A3C6FC9F865}
		{925D8C0B-5C4C-44C0-BE2A-5D1493D6AEFD} = {AE8840FF-B6E8-40D9-8750-4A3C6FC9F865}
		{E7FF9BD6-7CFA-4C58-BD72-63BBCB814842} = {AE8840FF-B6E8-40D9-8750-4A3C6FC9F865}
		{565EC780-8C7C-41AA-86BB-32323C671DA5} = {E59F23BC-3053-490F-874F-670355D0F41A}
		{AE8840FF-B6E8-40D9-8750-4A3C6FC9F865} = {E59F23BC-3053-490F-874F-670355D0F41A}
		{E024A751-607B-4AD8-AA57-232E7B0B072D} = {2FA66C8F-0790-4270-B589-741EDF509619}
		{ADB0D9B3-B025-49FC-97DF-8E1B31FE922C} = {2FA66C8F-0790-4270-B589-741EDF509619}
	EndGlobalSection
	GlobalSection(ExtensibilityGlobals) = postSolution
		SolutionGuid = {6E268600-28D3-431D-BCAE-23660A90CD1D}
	EndGlobalSection
EndGlobal
